
Microsoft Visual Studio Solution File, Format Version 12.00
Project("{FAE04EC0-301F-11D3-BF4B-00C04F79EFBC}") = "romanov-app", "romanov-app\romanov-app.csproj", "{3A3D25FD-62DD-424F-AD25-34D1B4A3D2FF}"
EndProject
Global
	GlobalSection(SolutionConfigurationPlatforms) = preSolution
		Debug|Any CPU = Debug|Any CPU
		Release|Any CPU = Release|Any CPU
	EndGlobalSection
	GlobalSection(ProjectConfigurationPlatforms) = postSolution
		{3A3D25FD-62DD-424F-AD25-34D1B4A3D2FF}.Debug|Any CPU.ActiveCfg = Debug|Any CPU
		{3A3D25FD-62DD-424F-AD25-34D1B4A3D2FF}.Debug|Any CPU.Build.0 = Debug|Any CPU
		{3A3D25FD-62DD-424F-AD25-34D1B4A3D2FF}.Release|Any CPU.ActiveCfg = Release|Any CPU
		{3A3D25FD-62DD-424F-AD25-34D1B4A3D2FF}.Release|Any CPU.Build.0 = Release|Any CPU
	EndGlobalSection
EndGlobal
